{
  "name": "yhtml5-seed",
  "version": "1.1.3",
  "lockfileVersion": 1,
  "requires": true,
  "dependencies": {
    "add-dom-event-listener": {
      "version": "1.0.2",
      "resolved": "https://registry.npmjs.org/add-dom-event-listener/-/add-dom-event-listener-1.0.2.tgz",
      "integrity": "sha1-j67SxBAIchzxEdodMNmVuFvkK+0=",
      "requires": {
        "object-assign": "4.1.1"
      }
    },
    "antd-mobile": {
      "version": "1.6.0",
      "resolved": "https://registry.npmjs.org/antd-mobile/-/antd-mobile-1.6.0.tgz",
      "integrity": "sha1-MnR39yjIWryRWOfuvksQZxqerKw=",
      "requires": {
        "array-tree-filter": "1.0.1",
        "babel-runtime": "6.25.0",
        "classnames": "2.2.5",
        "create-react-class": "15.6.0",
        "moment": "2.18.1",
        "normalize.css": "7.0.0",
        "omit.js": "1.0.0",
        "prop-types": "15.5.10",
        "rc-checkbox": "2.0.3",
        "rc-collapse": "1.7.6",
        "rc-dialog": "6.5.10",
        "rc-drawer": "0.4.10",
        "rc-input-number": "3.6.4",
        "rc-notification": "2.0.5",
        "rc-slider": "8.2.0",
        "rc-steps": "2.5.1",
        "rc-swipeout": "1.3.8",
        "rc-table": "5.4.2",
        "rc-tabs": "8.1.1",
        "rc-tooltip": "3.4.8",
        "rc-touchable": "1.2.3",
        "react-native-camera-roll-picker": "1.1.9",
        "react-native-collapsible": "0.8.1",
        "react-native-drawer-layout": "1.3.2",
        "react-native-menu": "0.21.0",
        "react-native-scrollable-tab-view": "0.7.4",
        "rmc-cascader": "4.3.4",
        "rmc-date-picker": "5.4.1",
        "rmc-list-view": "0.8.4",
        "rmc-nuka-carousel": "2.2.1",
        "rmc-picker": "3.10.7",
        "rn-topview": "0.1.3",
        "warning": "3.0.0"
      },
      "dependencies": {
        "moment": {
          "version": "2.18.1",
          "resolved": "https://registry.npmjs.org/moment/-/moment-2.18.1.tgz",
          "integrity": "sha1-w2GT3Tzhwu7SrbfIAtu8d6gbHA8="
        }
      }
    },
    "array-tree-filter": {
      "version": "1.0.1",
      "resolved": "https://registry.npmjs.org/array-tree-filter/-/array-tree-filter-1.0.1.tgz",
      "integrity": "sha1-CorR7v04zoiFhjL5zAQj12NOTV0="
    },
    "asap": {
      "version": "2.0.6",
      "resolved": "https://registry.npmjs.org/asap/-/asap-2.0.6.tgz",
      "integrity": "sha1-5QNHYR1+aQlDIIu9r+vLwvuGbUY="
    },
    "autobind-decorator": {
      "version": "1.4.3",
      "resolved": "https://registry.npmjs.org/autobind-decorator/-/autobind-decorator-1.4.3.tgz",
      "integrity": "sha1-TJb/p3sQYi7eJPEQ9du/VmkUF9E="
    },
    "babel-runtime": {
      "version": "6.25.0",
      "resolved": "https://registry.npmjs.org/babel-runtime/-/babel-runtime-6.25.0.tgz",
      "integrity": "sha1-M7mOql1IK7AajRqmtDetKwGuxBw=",
      "requires": {
        "core-js": "2.5.0",
        "regenerator-runtime": "0.10.5"
      }
    },
    "classnames": {
      "version": "2.2.5",
      "resolved": "https://registry.npmjs.org/classnames/-/classnames-2.2.5.tgz",
      "integrity": "sha1-+zgB1FNGdknvNgPH1hoCvRKb3m0="
    },
    "component-classes": {
      "version": "1.2.6",
      "resolved": "https://registry.npmjs.org/component-classes/-/component-classes-1.2.6.tgz",
      "integrity": "sha1-xkI5TDYYpNiwuJGe/Mu9kw5c1pE=",
      "requires": {
        "component-indexof": "0.0.3"
      }
    },
    "component-indexof": {
      "version": "0.0.3",
      "resolved": "https://registry.npmjs.org/component-indexof/-/component-indexof-0.0.3.tgz",
      "integrity": "sha1-EdCRMSI5648yyPJa6csAL/6NPCQ="
    },
    "core-js": {
      "version": "2.5.0",
      "resolved": "https://registry.npmjs.org/core-js/-/core-js-2.5.0.tgz",
      "integrity": "sha1-VpwFCRi+ZIazg3VSAorgRmtxcIY="
    },
    "create-react-class": {
      "version": "15.6.0",
      "resolved": "https://registry.npmjs.org/create-react-class/-/create-react-class-15.6.0.tgz",
      "integrity": "sha1-q0SEl8JlZuHilBPogyB9V8/nvtQ=",
      "requires": {
        "fbjs": "0.8.14",
        "loose-envify": "1.3.1",
        "object-assign": "4.1.1"
      }
    },
    "css-animation": {
      "version": "1.3.2",
      "resolved": "https://registry.npmjs.org/css-animation/-/css-animation-1.3.2.tgz",
      "integrity": "sha1-31FYIO9ZA3M60tsJmUA7MDe4uIA=",
      "requires": {
        "component-classes": "1.2.6"
      }
    },
    "dom-align": {
      "version": "1.6.3",
      "resolved": "https://registry.npmjs.org/dom-align/-/dom-align-1.6.3.tgz",
      "integrity": "sha512-lCjIj5yavAQxl6hTQsb5fFecidk3GHTTDjipHJhi+46TA/vpotSWKT/IKoIonJbmMzVQxHydjq5jT/NuVGnh8A=="
    },
    "encoding": {
      "version": "0.1.12",
      "resolved": "https://registry.npmjs.org/encoding/-/encoding-0.1.12.tgz",
      "integrity": "sha1-U4tm8+5izRq1HsMjgp0flIDHS+s=",
      "requires": {
        "iconv-lite": "0.4.18"
      }
    },
    "exenv": {
      "version": "1.2.2",
      "resolved": "https://registry.npmjs.org/exenv/-/exenv-1.2.2.tgz",
      "integrity": "sha1-KueOhdmJQVhnCwPUe+wfA72Ru50="
    },
    "fbjs": {
      "version": "0.8.14",
      "resolved": "https://registry.npmjs.org/fbjs/-/fbjs-0.8.14.tgz",
      "integrity": "sha1-0dviviVMNakeCfMfnNUKQLKg7Rw=",
      "requires": {
        "core-js": "1.2.7",
        "isomorphic-fetch": "2.2.1",
        "loose-envify": "1.3.1",
        "object-assign": "4.1.1",
        "promise": "7.3.1",
        "setimmediate": "1.0.5",
        "ua-parser-js": "0.7.14"
      },
      "dependencies": {
        "core-js": {
          "version": "1.2.7",
          "resolved": "https://registry.npmjs.org/core-js/-/core-js-1.2.7.tgz",
          "integrity": "sha1-ZSKUwUZR2yj6k70tX/KYOk8IxjY="
        }
      }
    },
    "for-in": {
      "version": "1.0.2",
      "resolved": "https://registry.npmjs.org/for-in/-/for-in-1.0.2.tgz",
      "integrity": "sha1-gQaNKVqBQuwKxybG4iAMMPttXoA="
    },
    "for-own": {
      "version": "0.1.5",
      "resolved": "https://registry.npmjs.org/for-own/-/for-own-0.1.5.tgz",
      "integrity": "sha1-UmXGgaTylNq78XyVCbZ2OqhFEM4=",
      "requires": {
        "for-in": "1.0.2"
      }
    },
    "hammerjs": {
      "version": "2.0.8",
      "resolved": "https://registry.npmjs.org/hammerjs/-/hammerjs-2.0.8.tgz",
      "integrity": "sha1-BO93hiz/K7edMPdpIJWTAiK/YPE="
    },
    "iconv-lite": {
      "version": "0.4.18",
      "resolved": "https://registry.npmjs.org/iconv-lite/-/iconv-lite-0.4.18.tgz",
      "integrity": "sha512-sr1ZQph3UwHTR0XftSbK85OvBbxe/abLGzEnPENCQwmHf7sck8Oyu4ob3LgBxWWxRoM+QszeUyl7jbqapu2TqA=="
    },
    "is-extendable": {
      "version": "0.1.1",
      "resolved": "https://registry.npmjs.org/is-extendable/-/is-extendable-0.1.1.tgz",
      "integrity": "sha1-YrEQ4omkcUGOPsNqYX1HLjAd/Ik="
    },
    "is-stream": {
      "version": "1.1.0",
      "resolved": "https://registry.npmjs.org/is-stream/-/is-stream-1.1.0.tgz",
      "integrity": "sha1-EtSj3U5o4Lec6428hBc66A2RykQ="
    },
    "isomorphic-fetch": {
      "version": "2.2.1",
      "resolved": "https://registry.npmjs.org/isomorphic-fetch/-/isomorphic-fetch-2.2.1.tgz",
      "integrity": "sha1-YRrhrPFPXoH3KVB0coGf6XM1WKk=",
      "requires": {
        "node-fetch": "1.7.2",
        "whatwg-fetch": "2.0.3"
      }
    },
    "js-tokens": {
      "version": "3.0.2",
      "resolved": "https://registry.npmjs.org/js-tokens/-/js-tokens-3.0.2.tgz",
      "integrity": "sha1-mGbfOVECEw449/mWvOtlRDIJwls="
    },
    "kw-react-tween-state": {
      "version": "0.1.5",
      "resolved": "https://registry.npmjs.org/kw-react-tween-state/-/kw-react-tween-state-0.1.5.tgz",
      "integrity": "sha1-dECImI018UzMLKNq+WvAns56t4s=",
      "requires": {
        "raf": "3.3.2",
        "tween-functions": "1.2.0"
      }
    },
    "lodash._getnative": {
      "version": "3.9.1",
      "resolved": "https://registry.npmjs.org/lodash._getnative/-/lodash._getnative-3.9.1.tgz",
      "integrity": "sha1-VwvH3t5G1hzc3mh9ZdPuy6o6r/U="
    },
    "lodash.debounce": {
      "version": "4.0.8",
      "resolved": "https://registry.npmjs.org/lodash.debounce/-/lodash.debounce-4.0.8.tgz",
      "integrity": "sha1-gteb/zCmfEAF/9XiUVMArZyk168="
    },
    "lodash.get": {
      "version": "4.4.2",
      "resolved": "https://registry.npmjs.org/lodash.get/-/lodash.get-4.4.2.tgz",
      "integrity": "sha1-LRd/ZS+jHpObRDjVNBSZ36OCXpk="
    },
    "lodash.isarguments": {
      "version": "3.1.0",
      "resolved": "https://registry.npmjs.org/lodash.isarguments/-/lodash.isarguments-3.1.0.tgz",
      "integrity": "sha1-L1c9hcaiQon/AGY7SRwdM4/zRYo="
    },
    "lodash.isarray": {
      "version": "3.0.4",
      "resolved": "https://registry.npmjs.org/lodash.isarray/-/lodash.isarray-3.0.4.tgz",
      "integrity": "sha1-eeTriMNqgSKvhvhEqpvNhRtfu1U="
    },
    "lodash.keys": {
      "version": "3.1.2",
      "resolved": "https://registry.npmjs.org/lodash.keys/-/lodash.keys-3.1.2.tgz",
      "integrity": "sha1-TbwEcrFWvlCgsoaFXRvQsMZWCYo=",
      "requires": {
        "lodash._getnative": "3.9.1",
        "lodash.isarguments": "3.1.0",
        "lodash.isarray": "3.0.4"
      }
    },
    "loose-envify": {
      "version": "1.3.1",
      "resolved": "https://registry.npmjs.org/loose-envify/-/loose-envify-1.3.1.tgz",
      "integrity": "sha1-0aitM/qc4OcT1l/dCsi3SNR4yEg=",
      "requires": {
        "js-tokens": "3.0.2"
      }
    },
    "node-fetch": {
      "version": "1.7.2",
      "resolved": "https://registry.npmjs.org/node-fetch/-/node-fetch-1.7.2.tgz",
      "integrity": "sha512-xZZUq2yDhKMIn/UgG5q//IZSNLJIwW2QxS14CNH5spuiXkITM2pUitjdq58yLSaU7m4M0wBNaM2Gh/ggY4YJig==",
      "requires": {
        "encoding": "0.1.12",
        "is-stream": "1.1.0"
      }
    },
    "normalize.css": {
      "version": "7.0.0",
      "resolved": "https://registry.npmjs.org/normalize.css/-/normalize.css-7.0.0.tgz",
      "integrity": "sha1-q/sd2CRwZ04DIrU86xqvQSk45L8="
    },
    "object-assign": {
      "version": "4.1.1",
      "resolved": "https://registry.npmjs.org/object-assign/-/object-assign-4.1.1.tgz",
      "integrity": "sha1-IQmtx5ZYh8/AXLvUQsrIv7s2CGM="
    },
    "object.omit": {
      "version": "2.0.1",
      "resolved": "https://registry.npmjs.org/object.omit/-/object.omit-2.0.1.tgz",
      "integrity": "sha1-Gpx0SCnznbuFjHbKNXmuKlTr0fo=",
      "requires": {
        "for-own": "0.1.5",
        "is-extendable": "0.1.1"
      }
    },
    "omit.js": {
      "version": "1.0.0",
      "resolved": "https://registry.npmjs.org/omit.js/-/omit.js-1.0.0.tgz",
      "integrity": "sha512-O1rwbvEfAdhtonTv+v6IQeMOKTi/wlHcXpI3hehyPDlujkjSBQC6Vtzg0mdy+v2KVDmuPf7hAbHlTBM6q1bUHQ==",
      "requires": {
        "babel-runtime": "6.25.0"
      }
    },
    "performance-now": {
      "version": "2.1.0",
      "resolved": "https://registry.npmjs.org/performance-now/-/performance-now-2.1.0.tgz",
      "integrity": "sha1-Ywn04OX6kT7BxpMHrjZLSzd8nns="
    },
    "promise": {
      "version": "7.3.1",
      "resolved": "https://registry.npmjs.org/promise/-/promise-7.3.1.tgz",
      "integrity": "sha512-nolQXZ/4L+bP/UGlkfaIujX9BKxGwmQ9OT4mOt5yvy8iK1h3wqTEJCijzGANTCCl9nWjY41juyAn2K3Q1hLLTg==",
      "requires": {
        "asap": "2.0.6"
      }
    },
    "prop-types": {
      "version": "15.5.10",
      "resolved": "https://registry.npmjs.org/prop-types/-/prop-types-15.5.10.tgz",
      "integrity": "sha1-J5ffwxJhguOpXj37suiT3ddFYVQ=",
      "requires": {
        "fbjs": "0.8.14",
        "loose-envify": "1.3.1"
      }
    },
    "raf": {
      "version": "3.3.2",
      "resolved": "https://registry.npmjs.org/raf/-/raf-3.3.2.tgz",
      "integrity": "sha1-DBO+C1tJtG921maSSNUnzysC/ic=",
      "requires": {
        "performance-now": "2.1.0"
      }
    },
    "rc-align": {
      "version": "2.3.4",
      "resolved": "https://registry.npmjs.org/rc-align/-/rc-align-2.3.4.tgz",
      "integrity": "sha1-2Dvat1YPAULnKj3h1JXatroiUkk=",
      "requires": {
        "dom-align": "1.6.3",
        "prop-types": "15.5.10",
        "rc-util": "4.0.4"
      }
    },
    "rc-animate": {
      "version": "2.4.1",
      "resolved": "https://registry.npmjs.org/rc-animate/-/rc-animate-2.4.1.tgz",
      "integrity": "sha512-hixobyAvDv0Oz4gHPOh67K4ck5Rz3JBBojBuKzYcu4b8JKMIiJxym83DfkkkYxXEEx/rwGf0mU0Dno/lbWghIQ==",
      "requires": {
        "babel-runtime": "6.25.0",
        "css-animation": "1.3.2",
        "prop-types": "15.5.10"
      }
    },
    "rc-checkbox": {
      "version": "2.0.3",
      "resolved": "https://registry.npmjs.org/rc-checkbox/-/rc-checkbox-2.0.3.tgz",
      "integrity": "sha1-Q2qdUIlI4iSYDwU16nOLSBd6jyU=",
      "requires": {
        "babel-runtime": "6.25.0",
        "classnames": "2.2.5",
        "prop-types": "15.5.10",
        "rc-util": "4.0.4"
      }
    },
    "rc-collapse": {
      "version": "1.7.6",
      "resolved": "https://registry.npmjs.org/rc-collapse/-/rc-collapse-1.7.6.tgz",
      "integrity": "sha512-REqPFBh2N+/skEhk+pfO8phneRZCYCSR1YGAqQUJBrauZvfwaphL86WqSxGUVdy8KeIRl3gNw0J/b3lkD4yLxQ==",
      "requires": {
        "classnames": "2.2.5",
        "css-animation": "1.3.2",
        "prop-types": "15.5.10",
        "rc-animate": "2.4.1"
      }
    },
    "rc-dialog": {
      "version": "6.5.10",
      "resolved": "https://registry.npmjs.org/rc-dialog/-/rc-dialog-6.5.10.tgz",
      "integrity": "sha1-nuhX0RF6MMj9ZaN/7Z9TE7BGMqM=",
      "requires": {
        "babel-runtime": "6.25.0",
        "create-react-class": "15.6.0",
        "object-assign": "4.1.1",
        "rc-animate": "2.4.1",
        "rc-util": "4.0.4"
      }
    },
    "rc-drawer": {
      "version": "0.4.10",
      "resolved": "https://registry.npmjs.org/rc-drawer/-/rc-drawer-0.4.10.tgz",
      "integrity": "sha1-L0JUbOBt9jEjecqVOL9FlUZhFLk=",
      "requires": {
        "babel-runtime": "6.25.0",
        "classnames": "2.2.5",
        "prop-types": "15.5.10"
      }
    },
    "rc-hammerjs": {
      "version": "0.6.8",
      "resolved": "https://registry.npmjs.org/rc-hammerjs/-/rc-hammerjs-0.6.8.tgz",
      "integrity": "sha1-3FD6/zXszpqCKjONWSBqli4Joj0=",
      "requires": {
        "babel-runtime": "6.25.0",
        "hammerjs": "2.0.8",
        "prop-types": "15.5.10"
      }
    },
    "rc-input-number": {
      "version": "3.6.4",
      "resolved": "https://registry.npmjs.org/rc-input-number/-/rc-input-number-3.6.4.tgz",
      "integrity": "sha512-vQpuJKrEsyO6K3d4gZ8Ubzx2lhIGfUyvgoULZ2l0LxHPtTQ3ojOby1+PqgyOoKkLDwQk7fx2suucSnMD2+8SGQ==",
      "requires": {
        "babel-runtime": "6.25.0",
        "classnames": "2.2.5",
        "create-react-class": "15.6.0",
        "prop-types": "15.5.10",
        "rc-touchable": "1.2.3"
      }
    },
    "rc-notification": {
      "version": "2.0.5",
      "resolved": "https://registry.npmjs.org/rc-notification/-/rc-notification-2.0.5.tgz",
      "integrity": "sha1-ksMAoSSsh66l97tv5XMHyb5K/dg=",
      "requires": {
        "babel-runtime": "6.25.0",
        "classnames": "2.2.5",
        "prop-types": "15.5.10",
        "rc-animate": "2.4.1",
        "rc-util": "4.0.4"
      }
    },
    "rc-slider": {
      "version": "8.2.0",
      "resolved": "https://registry.npmjs.org/rc-slider/-/rc-slider-8.2.0.tgz",
      "integrity": "sha1-rjfRcUTK1g4dpurA7k/8/qCwpug=",
      "requires": {
        "babel-runtime": "6.25.0",
        "classnames": "2.2.5",
        "prop-types": "15.5.10",
        "rc-tooltip": "3.4.8",
        "rc-util": "4.0.4",
        "shallowequal": "1.0.2",
        "warning": "3.0.0"
      },
      "dependencies": {
        "shallowequal": {
          "version": "1.0.2",
          "resolved": "https://registry.npmjs.org/shallowequal/-/shallowequal-1.0.2.tgz",
          "integrity": "sha512-zlVXeVUKvo+HEv1e2KQF/csyeMKx2oHvatQ9l6XjCUj3agvC8XGf6R9HvIPDSmp8FNPvx7b5kaEJTRi7CqxtEw=="
        }
      }
    },
    "rc-steps": {
      "version": "2.5.1",
      "resolved": "https://registry.npmjs.org/rc-steps/-/rc-steps-2.5.1.tgz",
      "integrity": "sha1-w5aa6j+5hM7Ll3pKlqtjTXVqbcQ=",
      "requires": {
        "classnames": "2.2.5",
        "lodash.debounce": "4.0.8",
        "prop-types": "15.5.10"
      }
    },
    "rc-swipeout": {
      "version": "1.3.8",
      "resolved": "https://registry.npmjs.org/rc-swipeout/-/rc-swipeout-1.3.8.tgz",
      "integrity": "sha1-7ZeGyc5s7mNXUpGQzYgtqX/ppv8=",
      "requires": {
        "babel-runtime": "6.25.0",
        "object.omit": "2.0.1",
        "rc-hammerjs": "0.6.8",
        "react-native-swipeout": "2.1.5"
      }
    },
    "rc-table": {
      "version": "5.4.2",
      "resolved": "https://registry.npmjs.org/rc-table/-/rc-table-5.4.2.tgz",
      "integrity": "sha512-o32BF9+oiG3r2sk+ykG0BRRxtdAU8rywhNaiUFlZeHjJeqTsY+a2GjFPXpM5fo4LWD3imadO39mXHs4HlQqQbA==",
      "requires": {
        "babel-runtime": "6.25.0",
        "component-classes": "1.2.6",
        "lodash.get": "4.4.2",
        "prop-types": "15.5.10",
        "rc-util": "4.0.4",
        "shallowequal": "0.2.2",
        "warning": "3.0.0"
      }
    },
    "rc-tabs": {
      "version": "8.1.1",
      "resolved": "https://registry.npmjs.org/rc-tabs/-/rc-tabs-8.1.1.tgz",
      "integrity": "sha1-WCN6yoJCfLt7/fMgfptFi9b4pcE=",
      "requires": {
        "babel-runtime": "6.25.0",
        "classnames": "2.2.5",
        "create-react-class": "15.6.0",
        "prop-types": "15.5.10",
        "rc-hammerjs": "0.6.8",
        "warning": "3.0.0"
      }
    },
    "rc-tooltip": {
      "version": "3.4.8",
      "resolved": "https://registry.npmjs.org/rc-tooltip/-/rc-tooltip-3.4.8.tgz",
      "integrity": "sha1-SkIjdPV/OwD00ElBhjhQzt3STFY=",
      "requires": {
        "babel-runtime": "6.25.0",
        "prop-types": "15.5.10",
        "rc-trigger": "1.11.3"
      }
    },
    "rc-touchable": {
      "version": "1.2.3",
      "resolved": "https://registry.npmjs.org/rc-touchable/-/rc-touchable-1.2.3.tgz",
      "integrity": "sha1-X0mDJOPQubpgGpxINJWOqixxNhg=",
      "requires": {
        "babel-runtime": "6.25.0"
      }
    },
    "rc-trigger": {
      "version": "1.11.3",
      "resolved": "https://registry.npmjs.org/rc-trigger/-/rc-trigger-1.11.3.tgz",
      "integrity": "sha512-g5Y2TxMB44Ubg2qpj0Qj9NTT+/jWysv2yKPgDe1CqvKbIxiM+3fVkl04u4ppXMNpN3qi6zWqKzugFcfdG6at4A==",
      "requires": {
        "babel-runtime": "6.25.0",
        "create-react-class": "15.6.0",
        "prop-types": "15.5.10",
        "rc-align": "2.3.4",
        "rc-animate": "2.4.1",
        "rc-util": "4.0.4"
      }
    },
    "rc-util": {
      "version": "4.0.4",
      "resolved": "https://registry.npmjs.org/rc-util/-/rc-util-4.0.4.tgz",
      "integrity": "sha1-mYE92Qrufim2STmnCsF26tP0/zk=",
      "requires": {
        "add-dom-event-listener": "1.0.2",
        "babel-runtime": "6.25.0",
        "shallowequal": "0.2.2"
      }
    },
    "react-mixin": {
      "version": "3.0.5",
      "resolved": "https://registry.npmjs.org/react-mixin/-/react-mixin-3.0.5.tgz",
      "integrity": "sha1-4Le2cT/cndxCkmffgItqxRhMZwY=",
      "requires": {
        "object-assign": "4.1.1",
        "smart-mixin": "2.0.0"
      }
    },
    "react-native-camera-roll-picker": {
      "version": "1.1.9",
      "resolved": "https://registry.npmjs.org/react-native-camera-roll-picker/-/react-native-camera-roll-picker-1.1.9.tgz",
      "integrity": "sha1-mbrTqcEXrXnmcETEIM5GPuGPKdM="
    },
    "react-native-collapsible": {
      "version": "0.8.1",
      "resolved": "https://registry.npmjs.org/react-native-collapsible/-/react-native-collapsible-0.8.1.tgz",
      "integrity": "sha512-8PcDTD7Fj2lhs8d4l/oifiiR/asHfAbj5hYIEwpx8Qm15jUMQjdKURPFwEpCtgZbnhAUtEyFtyD4MBiaNdm/bw==",
      "requires": {
        "prop-types": "15.5.10"
      }
    },
    "react-native-dismiss-keyboard": {
      "version": "1.0.0",
      "resolved": "https://registry.npmjs.org/react-native-dismiss-keyboard/-/react-native-dismiss-keyboard-1.0.0.tgz",
      "integrity": "sha1-MohiQrPyMX4SHzrrmwpYXiuHm0k="
    },
    "react-native-drawer-layout": {
      "version": "1.3.2",
      "resolved": "https://registry.npmjs.org/react-native-drawer-layout/-/react-native-drawer-layout-1.3.2.tgz",
      "integrity": "sha512-fjO0scqbJUfNu2wuEpvywL7DYLXuCXJ2W/zYhWz986rdLytidbys1QGVvkaszHrb4Y7OqO96mTkgpOcP8KWevw==",
      "requires": {
        "react-native-dismiss-keyboard": "1.0.0"
      }
    },
    "react-native-menu": {
      "version": "0.21.0",
      "resolved": "https://registry.npmjs.org/react-native-menu/-/react-native-menu-0.21.0.tgz",
      "integrity": "sha1-68ZHhi64DtAOIok5e/i2NLCbHos=",
      "requires": {
        "react-timer-mixin": "0.13.3"
      }
    },
    "react-native-scrollable-tab-view": {
      "version": "0.7.4",
      "resolved": "https://registry.npmjs.org/react-native-scrollable-tab-view/-/react-native-scrollable-tab-view-0.7.4.tgz",
      "integrity": "sha1-YjoEfL+rNaJ7hokJWvUk6arHS2I=",
      "requires": {
        "react-static-container": "1.0.1",
        "react-timer-mixin": "0.13.3"
      }
    },
    "react-native-swipeout": {
      "version": "2.1.5",
      "resolved": "https://registry.npmjs.org/react-native-swipeout/-/react-native-swipeout-2.1.5.tgz",
      "integrity": "sha1-6zp6w8+UGEQbhKOm+nqmS3AVmKQ=",
      "requires": {
        "react-tween-state": "0.1.5"
      }
    },
    "react-static-container": {
      "version": "1.0.1",
      "resolved": "https://registry.npmjs.org/react-static-container/-/react-static-container-1.0.1.tgz",
      "integrity": "sha1-aUwN1oqJa4eVGa+1SDmcwZicmrA="
    },
    "react-sticky": {
      "version": "5.0.8",
      "resolved": "https://registry.npmjs.org/react-sticky/-/react-sticky-5.0.8.tgz",
      "integrity": "sha1-1fhflpd/QQCB15KrgYhsYixdixQ=",
      "requires": {
        "prop-types": "15.5.10"
      }
    },
    "react-timer-mixin": {
      "version": "0.13.3",
      "resolved": "https://registry.npmjs.org/react-timer-mixin/-/react-timer-mixin-0.13.3.tgz",
      "integrity": "sha1-Dai5+AfsB9w+hU0ILHN8ZWBbPSI="
    },
    "react-tween-state": {
      "version": "0.1.5",
      "resolved": "https://registry.npmjs.org/react-tween-state/-/react-tween-state-0.1.5.tgz",
      "integrity": "sha1-6YsGZVHvuTy5LdG+FJlcLj3q4zk=",
      "requires": {
        "raf": "3.3.2",
        "tween-functions": "1.2.0"
      }
    },
    "regenerator-runtime": {
      "version": "0.10.5",
      "resolved": "https://registry.npmjs.org/regenerator-runtime/-/regenerator-runtime-0.10.5.tgz",
      "integrity": "sha1-M2w+/BIgrc7dosn6tntaeVWjNlg="
    },
    "rmc-cascader": {
      "version": "4.3.4",
      "resolved": "https://registry.npmjs.org/rmc-cascader/-/rmc-cascader-4.3.4.tgz",
      "integrity": "sha1-ZDzokfaSrWH47gS8W+SE9epzc6Y=",
      "requires": {
        "array-tree-filter": "1.0.1",
        "babel-runtime": "6.25.0",
        "rmc-picker": "4.0.1"
      },
      "dependencies": {
        "rmc-picker": {
          "version": "4.0.1",
          "resolved": "https://registry.npmjs.org/rmc-picker/-/rmc-picker-4.0.1.tgz",
          "integrity": "sha1-kjsRibhwxmjtfRB8xPBAfmbkh/M=",
          "requires": {
            "babel-runtime": "6.25.0",
            "classnames": "2.2.5",
            "create-react-class": "15.6.0",
            "rc-dialog": "6.5.10",
            "rc-touchable": "1.2.3",
            "zscroller": "0.3.1"
          }
        }
      }
    },
    "rmc-date-picker": {
      "version": "5.4.1",
      "resolved": "https://registry.npmjs.org/rmc-date-picker/-/rmc-date-picker-5.4.1.tgz",
      "integrity": "sha1-V+QvzuvdN7vYAJJALe2NhlUIKaA=",
      "requires": {
        "babel-runtime": "6.25.0",
        "moment": "2.18.1",
        "rmc-picker": "3.10.7"
      },
      "dependencies": {
        "moment": {
          "version": "2.18.1",
          "resolved": "https://registry.npmjs.org/moment/-/moment-2.18.1.tgz",
          "integrity": "sha1-w2GT3Tzhwu7SrbfIAtu8d6gbHA8="
        }
      }
    },
    "rmc-list-view": {
      "version": "0.8.4",
      "resolved": "https://registry.npmjs.org/rmc-list-view/-/rmc-list-view-0.8.4.tgz",
      "integrity": "sha1-snet6x2FdORJ1Bu/NXDYerA+R+Y=",
      "requires": {
        "autobind-decorator": "1.4.3",
        "babel-runtime": "6.25.0",
        "classnames": "2.2.5",
        "fbjs": "0.8.14",
        "object-assign": "4.1.1",
        "prop-types": "15.5.10",
        "react-mixin": "3.0.5",
        "react-sticky": "5.0.8",
        "react-timer-mixin": "0.13.3",
        "zscroller": "0.3.1"
      }
    },
    "rmc-nuka-carousel": {
      "version": "2.2.1",
      "resolved": "https://registry.npmjs.org/rmc-nuka-carousel/-/rmc-nuka-carousel-2.2.1.tgz",
      "integrity": "sha1-xCOBk6KYvhKKLxPstcJv13rQDM0=",
      "requires": {
        "create-react-class": "15.6.0",
        "exenv": "1.2.2",
        "kw-react-tween-state": "0.1.5",
        "object-assign": "4.1.1"
      }
    },
    "rmc-picker": {
      "version": "3.10.7",
      "resolved": "https://registry.npmjs.org/rmc-picker/-/rmc-picker-3.10.7.tgz",
      "integrity": "sha1-FtZ2F5fI+9hBwjggmLczvPn2q5A=",
      "requires": {
        "babel-runtime": "6.25.0",
        "classnames": "2.2.5",
        "create-react-class": "15.6.0",
        "rc-dialog": "6.5.10",
        "rc-touchable": "1.2.3",
        "zscroller": "0.3.1"
      }
    },
    "rn-topview": {
      "version": "0.1.3",
      "resolved": "https://registry.npmjs.org/rn-topview/-/rn-topview-0.1.3.tgz",
      "integrity": "sha1-PsgQC2k7ooEanlpa8riT6NxF0Fc="
    },
    "setimmediate": {
      "version": "1.0.5",
      "resolved": "https://registry.npmjs.org/setimmediate/-/setimmediate-1.0.5.tgz",
      "integrity": "sha1-KQy7Iy4waULX1+qbg3Mqt4VvgoU="
    },
    "shallowequal": {
      "version": "0.2.2",
      "resolved": "https://registry.npmjs.org/shallowequal/-/shallowequal-0.2.2.tgz",
      "integrity": "sha1-HjL9W8q2rWiKSBLLDMBO/HXHAU4=",
      "requires": {
        "lodash.keys": "3.1.2"
      }
    },
    "smart-mixin": {
      "version": "2.0.0",
      "resolved": "https://registry.npmjs.org/smart-mixin/-/smart-mixin-2.0.0.tgz",
      "integrity": "sha1-o0oQVeMqdbMNK048oyPcmctT9Dc="
    },
    "tween-functions": {
      "version": "1.2.0",
      "resolved": "https://registry.npmjs.org/tween-functions/-/tween-functions-1.2.0.tgz",
      "integrity": "sha1-GuOlDnxguz3vd06scHrLynO7w/8="
    },
    "ua-parser-js": {
      "version": "0.7.14",
      "resolved": "https://registry.npmjs.org/ua-parser-js/-/ua-parser-js-0.7.14.tgz",
      "integrity": "sha1-EQ1T+kw/MmwSEpK76skE0uAzh8o="
    },
    "warning": {
      "version": "3.0.0",
      "resolved": "https://registry.npmjs.org/warning/-/warning-3.0.0.tgz",
      "integrity": "sha1-MuU3fLVy3kqwR1O9+IIcAe1gW3w=",
      "requires": {
        "loose-envify": "1.3.1"
      }
    },
    "whatwg-fetch": {
      "version": "2.0.3",
      "resolved": "https://registry.npmjs.org/whatwg-fetch/-/whatwg-fetch-2.0.3.tgz",
      "integrity": "sha1-nITsLc9oGH/wC8ZOEnS0QhduHIQ="
    },
    "zscroller": {
      "version": "0.3.1",
      "resolved": "https://registry.npmjs.org/zscroller/-/zscroller-0.3.1.tgz",
      "integrity": "sha1-3vTQQDeN5Cl/080xFpEZ5lNj3Pc=",
      "requires": {
        "babel-runtime": "6.25.0",
        "raf": "3.3.2"
      }
    }
  }
}
